
Microsoft Visual Studio Solution File, Format Version 12.00
# Visual Studio Version 17
VisualStudioVersion = 17.6.33723.286
MinimumVisualStudioVersion = 10.0.40219.1
Project("{9A19103F-16F7-4668-BE54-9A1E7A4F7556}") = "SharedKernel", "SharedKernel\SharedKernel.csproj", "{E51727BB-ECAA-44E1-8C77-E823F9522C8F}"
EndProject
Project("{9A19103F-16F7-4668-BE54-9A1E7A4F7556}") = "Domain", "Domain\Domain.csproj", "{D5580659-341E-4551-863F-C5A84A4D1D76}"
EndProject
Project("{9A19103F-16F7-4668-BE54-9A1E7A4F7556}") = "Application", "Application\Application.csproj", "{22DCDFC3-AF67-448E-B906-B7CA90514B3D}"
EndProject
Project("{9A19103F-16F7-4668-BE54-9A1E7A4F7556}") = "Infrastructure", "Infrastructure\Infrastructure.csproj", "{715706E6-B7EC-46A4-961B-3B13353A2745}"
EndProject
Project("{9A19103F-16F7-4668-BE54-9A1E7A4F7556}") = "Web", "Web\Web.csproj", "{D611A17E-1899-42D7-86A7-4BB5AE6D21D9}"
EndProject
Project("{FAE04EC0-301F-11D3-BF4B-00C04F79EFBC}") = "Test", "Test\Test.csproj", "{D40C2D91-62D4-43D7-8FE0-1193AFB4D62F}"
EndProject
Global
	GlobalSection(SolutionConfigurationPlatforms) = preSolution
		Debug|Any CPU = Debug|Any CPU
		Release|Any CPU = Release|Any CPU
	EndGlobalSection
	GlobalSection(ProjectConfigurationPlatforms) = postSolution
		{E51727BB-ECAA-44E1-8C77-E823F9522C8F}.Debug|Any CPU.ActiveCfg = Debug|Any CPU
		{E51727BB-ECAA-44E1-8C77-E823F9522C8F}.Debug|Any CPU.Build.0 = Debug|Any CPU
		{E51727BB-ECAA-44E1-8C77-E823F9522C8F}.Release|Any CPU.ActiveCfg = Release|Any CPU
		{E51727BB-ECAA-44E1-8C77-E823F9522C8F}.Release|Any CPU.Build.0 = Release|Any CPU
		{D5580659-341E-4551-863F-C5A84A4D1D76}.Debug|Any CPU.ActiveCfg = Debug|Any CPU
		{D5580659-341E-4551-863F-C5A84A4D1D76}.Debug|Any CPU.Build.0 = Debug|Any CPU
		{D5580659-341E-4551-863F-C5A84A4D1D76}.Release|Any CPU.ActiveCfg = Release|Any CPU
		{D5580659-341E-4551-863F-C5A84A4D1D76}.Release|Any CPU.Build.0 = Release|Any CPU
		{22DCDFC3-AF67-448E-B906-B7CA90514B3D}.Debug|Any CPU.ActiveCfg = Debug|Any CPU
		{22DCDFC3-AF67-448E-B906-B7CA90514B3D}.Debug|Any CPU.Build.0 = Debug|Any CPU
		{22DCDFC3-AF67-448E-B906-B7CA90514B3D}.Release|Any CPU.ActiveCfg = Release|Any CPU
		{22DCDFC3-AF67-448E-B906-B7CA90514B3D}.Release|Any CPU.Build.0 = Release|Any CPU
		{715706E6-B7EC-46A4-961B-3B13353A2745}.Debug|Any CPU.ActiveCfg = Debug|Any CPU
		{715706E6-B7EC-46A4-961B-3B13353A2745}.Debug|Any CPU.Build.0 = Debug|Any CPU
		{715706E6-B7EC-46A4-961B-3B13353A2745}.Release|Any CPU.ActiveCfg = Release|Any CPU
		{715706E6-B7EC-46A4-961B-3B13353A2745}.Release|Any CPU.Build.0 = Release|Any CPU
		{D611A17E-1899-42D7-86A7-4BB5AE6D21D9}.Debug|Any CPU.ActiveCfg = Debug|Any CPU
		{D611A17E-1899-42D7-86A7-4BB5AE6D21D9}.Debug|Any CPU.Build.0 = Debug|Any CPU
		{D611A17E-1899-42D7-86A7-4BB5AE6D21D9}.Release|Any CPU.ActiveCfg = Release|Any CPU
		{D611A17E-1899-42D7-86A7-4BB5AE6D21D9}.Release|Any CPU.Build.0 = Release|Any CPU
		{D40C2D91-62D4-43D7-8FE0-1193AFB4D62F}.Debug|Any CPU.ActiveCfg = Debug|Any CPU
		{D40C2D91-62D4-43D7-8FE0-1193AFB4D62F}.Debug|Any CPU.Build.0 = Debug|Any CPU
		{D40C2D91-62D4-43D7-8FE0-1193AFB4D62F}.Release|Any CPU.ActiveCfg = Release|Any CPU
		{D40C2D91-62D4-43D7-8FE0-1193AFB4D62F}.Release|Any CPU.Build.0 = Release|Any CPU
	EndGlobalSection
	GlobalSection(SolutionProperties) = preSolution
		HideSolutionNode = FALSE
	EndGlobalSection
	GlobalSection(ExtensibilityGlobals) = postSolution
		SolutionGuid = {95386295-A0AF-4A4A-BF0E-8AF6C5857D61}
	EndGlobalSection
EndGlobal
